
Microsoft Visual Studio Solution File, Format Version 12.00
# Visual Studio 15
VisualStudioVersion = 15.0.27703.2018
MinimumVisualStudioVersion = 10.0.40219.1
Project("{FAE04EC0-301F-11D3-BF4B-00C04F79EFBC}") = "PausePingdomTest", "PausePingdomTest\PausePingdomTest.csproj", "{2B33009F-D5CA-4744-B0D8-F6722F8DC3BF}"
EndProject
Global
	GlobalSection(SolutionConfigurationPlatforms) = preSolution
		Debug|Any CPU = Debug|Any CPU
		Release|Any CPU = Release|Any CPU
	EndGlobalSection
	GlobalSection(ProjectConfigurationPlatforms) = postSolution
		{2B33009F-D5CA-4744-B0D8-F6722F8DC3BF}.Debug|Any CPU.ActiveCfg = Debug|Any CPU
		{2B33009F-D5CA-4744-B0D8-F6722F8DC3BF}.Debug|Any CPU.Build.0 = Debug|Any CPU
		{2B33009F-D5CA-4744-B0D8-F6722F8DC3BF}.Release|Any CPU.ActiveCfg = Release|Any CPU
		{2B33009F-D5CA-4744-B0D8-F6722F8DC3BF}.Release|Any CPU.Build.0 = Release|Any CPU
	EndGlobalSection
	GlobalSection(SolutionProperties) = preSolution
		HideSolutionNode = FALSE
	EndGlobalSection
	GlobalSection(ExtensibilityGlobals) = postSolution
		SolutionGuid = {A25B71D6-FF08-4059-B591-4EE729730544}
	EndGlobalSection
EndGlobal
